// !$*UTF8*$!
{
	archiveVersion = 1;
	classes = {
	};
	objectVersion = 46;
	objects = {

/* Begin PBXBuildFile section */
		02BA5FD01F6EBAFD00DA9515 /* main.c in Sources */ = {isa = PBXBuildFile; fileRef = 02BA5FCF1F6EBAFD00DA9515 /* main.c */; };
/* End PBXBuildFile section */

/* Begin PBXCopyFilesBuildPhase section */
		02BA5FCA1F6EBAFD00DA9515 /* CopyFiles */ = {
			isa = PBXCopyFilesBuildPhase;
			buildActionMask = 2147483647;
			dstPath = /usr/share/man/man1/;
			dstSubfolderSpec = 0;
			files = (
			);
			runOnlyForDeploymentPostprocessing = 1;
		};
/* End PBXCopyFilesBuildPhase section */

/* Begin PBXFileReference section */
		02BA5FCC1F6EBAFD00DA9515 /* SortTest */ = {isa = PBXFileReference; explicitFileType = "compiled.mach-o.executable"; includeInIndex = 0; path = SortTest; sourceTree = BUILT_PRODUCTS_DIR; };
		02BA5FCF1F6EBAFD00DA9515 /* main.c */ = {isa = PBXFileReference; lastKnownFileType = sourcecode.c.c; path = main.c; sourceTree = "<group>"; };
/* End PBXFileReference section */

/* Begin PBXFrameworksBuildPhase section */
		02BA5FC91F6EBAFD00DA9515 /* Frameworks */ = {
			isa = PBXFrameworksBuildPhase;
			buildActionMask = 2147483647;
			files = (
			);
			runOnlyForDeploymentPostprocessing = 0;
		};
/* End PBXFrameworksBuildPhase section */

/* Begin PBXGroup section */
		02BA5FC31F6EBAFD00DA9515 = {
			isa = PBXGroup;
			children = (
				02BA5FCE1F6EBAFD00DA9515 /* SortTest */,
				02BA5FCD1F6EBAFD00DA9515 /* Products */,
			);
			sourceTree = "<group>";
		};
		02BA5FCD1F6EBAFD00DA9515 /* Products */ = {
			isa = PBXGroup;
			children = (
				02BA5FCC1F6EBAFD00DA9515 /* SortTest */,
			);
			name = Products;
			sourceTree = "<group>";
		};
		02BA5FCE1F6EBAFD00DA9515 /* SortTest */ = {
			isa = PBXGroup;
			children = (
				02BA5FCF1F6EBAFD00DA9515 /* main.c */,
			);
			path = SortTest;
			sourceTree = "<group>";
		};
/* End PBXGroup section */

/* Begin PBXNativeTarget section */
		02BA5FCB1F6EBAFD00DA9515 /* SortTest */ = {
			isa = PBXNativeTarget;
			buildConfigurationList = 02BA5FD31F6EBAFD00DA9515 /* Build configuration list for PBXNativeTarget "SortTest" */;
			buildPhases = (
				02BA5FC81F6EBAFD00DA9515 /* Sources */,
				02BA5FC91F6EBAFD00DA9515 /* Frameworks */,
				02BA5FCA1F6EBAFD00DA9515 /* CopyFiles */,
			);
			buildRules = (
			);
			dependencies = (
			);
			name = SortTest;
			productName = SortTest;
			productReference = 02BA5FCC1F6EBAFD00DA9515 /* SortTest */;
			productType = "com.apple.product-type.tool";
		};
/* End PBXNativeTarget section */

/* Begin PBXProject section */
		02BA5FC41F6EBAFD00DA9515 /* Project object */ = {
			isa = PBXProject;
			attributes = {
				LastUpgradeCheck = 0830;
				ORGANIZATIONNAME = zhoutq;
				TargetAttributes = {
					02BA5FCB1F6EBAFD00DA9515 = {
						CreatedOnToolsVersion = 8.3.3;
						DevelopmentTeam = MV44D3YAS8;
						ProvisioningStyle = Automatic;
					};
				};
			};
			buildConfigurationList = 02BA5FC71F6EBAFD00DA9515 /* Build configuration list for PBXProject "SortTest" */;
			compatibilityVersion = "Xcode 3.2";
			developmentRegion = English;
			hasScannedForEncodings = 0;
			knownRegions = (
				en,
			);
			mainGroup = 02BA5FC31F6EBAFD00DA9515;
			productRefGroup = 02BA5FCD1F6EBAFD00DA9515 /* Products */;
			projectDirPath = "";
			projectRoot = "";
			targets = (
				02BA5FCB1F6EBAFD00DA9515 /* SortTest */,
			);
		};
/* End PBXProject section */

/* Begin PBXSourcesBuildPhase section */
		02BA5FC81F6EBAFD00DA9515 /* Sources */ = {
			isa = PBXSourcesBuildPhase;
			buildActionMask = 2147483647;
			files = (
				02BA5FD01F6EBAFD00DA9515 /* main.c in Sources */,
			);
			runOnlyForDeploymentPostprocessing = 0;
		};
/* End PBXSourcesBuildPhase section */

/* Begin XCBuildConfiguration section */
		02BA5FD11F6EBAFD00DA9515 /* Debug */ = {
			isa = XCBuildConfiguration;
			buildSettings = {
				ALWAYS_SEARCH_USER_PATHS = NO;
				CLANG_ANALYZER_NONNULL = YES;
				CLANG_ANALYZER_NUMBER_OBJECT_CONVERSION = YES_AGGRESSIVE;
				CLANG_CXX_LANGUAGE_STANDARD = "gnu++0x";
				CLANG_CXX_LIBRARY = "libc++";
				CLANG_ENABLE_MODULES = YES;
				CLANG_ENABLE_OBJC_ARC = YES;
				CLANG_WARN_BOOL_CONVERSION = YES;
				CLANG_WARN_CONSTANT_CONVERSION = YES;
				CLANG_WARN_DIRECT_OBJC_ISA_USAGE = YES_ERROR;
				CLANG_WARN_DOCUMENTATION_COMMENTS = YES;
				CLANG_WARN_EMPTY_BODY = YES;
				CLANG_WARN_ENUM_CONVERSION = YES;
				CLANG_WARN_INFINITE_RECURSION = YES;
				CLANG_WARN_INT_CONVERSION = YES;
				CLANG_WARN_OBJC_ROOT_CLASS = YES_ERROR;
				CLANG_WARN_SUSPICIOUS_MOVE = YES;
				CLANG_WARN_UNREACHABLE_CODE = YES;
				CLANG_WARN__DUPLICATE_METHOD_MATCH = YES;
				CODE_SIGN_IDENTITY = "-";
				COPY_PHASE_STRIP = NO;
				DEBUG_INFORMATION_FORMAT = dwarf;
				ENABLE_STRICT_OBJC_MSGSEND = YES;
				ENABLE_TESTABILITY = YES;
				GCC_C_LANGUAGE_STANDARD = gnu99;
				GCC_DYNAMIC_NO_PIC = NO;
				GCC_NO_COMMON_BLOCKS = YES;
				GCC_OPTIMIZATION_LEVEL = 0;
				GCC_PREPROCESSOR_DEFINITIONS = (
					"DEBUG=1",
					"$(inherited)",
				);
				GCC_WARN_64_TO_32_BIT_CONVERSION = YES;
				GCC_WARN_ABOUT_RETURN_TYPE = YES_ERROR;
				GCC_WARN_UNDECLARED_SELECTOR = YES;
				GCC_WARN_UNINITIALIZED_AUTOS = YES_AGGRESSIVE;
				GCC_WARN_UNUSED_FUNCTION = YES;
				GCC_WARN_UNUSED_VARIABLE = YES;
				MACOSX_DEPLOYMENT_TARGET = 10.12;
				MTL_ENABLE_DEBUG_INFO = YES;
				ONLY_ACTIVE_ARCH = YES;
				SDKROOT = macosx;
			};
			name = Debug;
		};
		02BA5FD21F6EBAFD00DA9515 /* Release */ = {
			isa = XCBuildConfiguration;
			buildSettings = {
				ALWAYS_SEARCH_USER_PATHS = NO;
				CLANG_ANALYZER_NONNULL = YES;
				CLANG_ANALYZER_NUMBER_OBJECT_CONVERSION = YES_AGGRESSIVE;
				CLANG_CXX_LANGUAGE_STANDARD = "gnu++0x";
				CLANG_CXX_LIBRARY = "libc++";
				CLANG_ENABLE_MODULES = YES;
				CLANG_ENABLE_OBJC_ARC = YES;
				CLANG_WARN_BOOL_CONVERSION = YES;
				CLANG_WARN_CONSTANT_CONVERSION = YES;
				CLANG_WARN_DIRECT_OBJC_ISA_USAGE = YES_ERROR;
				CLANG_WARN_DOCUMENTATION_COMMENTS = YES;
				CLANG_WARN_EMPTY_BODY = YES;
				CLANG_WARN_ENUM_CONVERSION = YES;
				CLANG_WARN_INFINITE_RECURSION = YES;
				CLANG_WARN_INT_CONVERSION = YES;
				CLANG_WARN_OBJC_ROOT_CLASS = YES_ERROR;
				CLANG_WARN_SUSPICIOUS_MOVE = YES;
				CLANG_WARN_UNREACHABLE_CODE = YES;
				CLANG_WARN__DUPLICATE_METHOD_MATCH = YES;
				CODE_SIGN_IDENTITY = "-";
				COPY_PHASE_STRIP = NO;
				DEBUG_INFORMATION_FORMAT = "dwarf-with-dsym";
				ENABLE_NS_ASSERTIONS = NO;
				ENABLE_STRICT_OBJC_MSGSEND = YES;
				GCC_C_LANGUAGE_STANDARD = gnu99;
				GCC_NO_COMMON_BLOCKS = YES;
				GCC_WARN_64_TO_32_BIT_CONVERSION = YES;
				GCC_WARN_ABOUT_RETURN_TYPE = YES_ERROR;
				GCC_WARN_UNDECLARED_SELECTOR = YES;
				GCC_WARN_UNINITIALIZED_AUTOS = YES_AGGRESSIVE;
				GCC_WARN_UNUSED_FUNCTION = YES;
				GCC_WARN_UNUSED_VARIABLE = YES;
				MACOSX_DEPLOYMENT_TARGET = 10.12;
				MTL_ENABLE_DEBUG_INFO = NO;
				SDKROOT = macosx;
			};
			name = Release;
		};
		02BA5FD41F6EBAFD00DA9515 /* Debug */ = {
			isa = XCBuildConfiguration;
			buildSettings = {
				DEVELOPMENT_TEAM = MV44D3YAS8;
				PRODUCT_NAME = "$(TARGET_NAME)";
			};
			name = Debug;
		};
		02BA5FD51F6EBAFD00DA9515 /* Release */ = {
			isa = XCBuildConfiguration;
			buildSettings = {
				DEVELOPMENT_TEAM = MV44D3YAS8;
				PRODUCT_NAME = "$(TARGET_NAME)";
			};
			name = Release;
		};
/* End XCBuildConfiguration section */

/* Begin XCConfigurationList section */
		02BA5FC71F6EBAFD00DA9515 /* Build configuration list for PBXProject "SortTest" */ = {
			isa = XCConfigurationList;
			buildConfigurations = (
				02BA5FD11F6EBAFD00DA9515 /* Debug */,
				02BA5FD21F6EBAFD00DA9515 /* Release */,
			);
			defaultConfigurationIsVisible = 0;
			defaultConfigurationName = Release;
		};
		02BA5FD31F6EBAFD00DA9515 /* Build configuration list for PBXNativeTarget "SortTest" */ = {
			isa = XCConfigurationList;
			buildConfigurations = (
				02BA5FD41F6EBAFD00DA9515 /* Debug */,
				02BA5FD51F6EBAFD00DA9515 /* Release */,
			);
			defaultConfigurationIsVisible = 0;
		};
/* End XCConfigurationList section */
	};
	rootObject = 02BA5FC41F6EBAFD00DA9515 /* Project object */;
}
